
Microsoft Visual Studio Solution File, Format Version 12.00
# Visual Studio Version 17
VisualStudioVersion = 17.8.34525.116
MinimumVisualStudioVersion = 10.0.40219.1
Project("{9A19103F-16F7-4668-BE54-9A1E7A4F7556}") = "HexagonalPattern", "HexagonalPattern.csproj", "{9E0F60B7-CA7E-4931-9D7B-E25113D65863}"
EndProject
Project("{2150E333-8FDC-42A3-9474-1A3956D46DE8}") = "Éléments de solution", "Éléments de solution", "{C6B703A4-F25F-4D26-B2DF-8A246AF53177}"
	ProjectSection(SolutionItems) = preProject
		.gitignore = .gitignore
		README.md = README.md
	EndProjectSection
EndProject
Project("{9A19103F-16F7-4668-BE54-9A1E7A4F7556}") = "UnitTests", "..\UnitTests\UnitTests.csproj", "{574C59C1-4A44-4A09-A39E-3590769785B5}"
EndProject
Global
	GlobalSection(SolutionConfigurationPlatforms) = preSolution
		Debug|Any CPU = Debug|Any CPU
		Release|Any CPU = Release|Any CPU
	EndGlobalSection
	GlobalSection(ProjectConfigurationPlatforms) = postSolution
		{9E0F60B7-CA7E-4931-9D7B-E25113D65863}.Debug|Any CPU.ActiveCfg = Debug|Any CPU
		{9E0F60B7-CA7E-4931-9D7B-E25113D65863}.Debug|Any CPU.Build.0 = Debug|Any CPU
		{9E0F60B7-CA7E-4931-9D7B-E25113D65863}.Release|Any CPU.ActiveCfg = Release|Any CPU
		{9E0F60B7-CA7E-4931-9D7B-E25113D65863}.Release|Any CPU.Build.0 = Release|Any CPU
		{574C59C1-4A44-4A09-A39E-3590769785B5}.Debug|Any CPU.ActiveCfg = Debug|Any CPU
		{574C59C1-4A44-4A09-A39E-3590769785B5}.Debug|Any CPU.Build.0 = Debug|Any CPU
		{574C59C1-4A44-4A09-A39E-3590769785B5}.Release|Any CPU.ActiveCfg = Release|Any CPU
		{574C59C1-4A44-4A09-A39E-3590769785B5}.Release|Any CPU.Build.0 = Release|Any CPU
	EndGlobalSection
	GlobalSection(SolutionProperties) = preSolution
		HideSolutionNode = FALSE
	EndGlobalSection
	GlobalSection(ExtensibilityGlobals) = postSolution
		SolutionGuid = {970828DA-80B6-4BF2-A115-F359406CA1AA}
	EndGlobalSection
EndGlobal
